// !$*UTF8*$!
{
	archiveVersion = 1;
	classes = {
	};
	objectVersion = 46;
	objects = {

/* Begin PBXBuildFile section */
		D8144D2119FB0A4A007D05A3 /* main.m in Sources */ = {isa = PBXBuildFile; fileRef = D8144D2019FB0A4A007D05A3 /* main.m */; };
		D8144D2419FB0A4A007D05A3 /* AppDelegate.m in Sources */ = {isa = PBXBuildFile; fileRef = D8144D2319FB0A4A007D05A3 /* AppDelegate.m */; };
		D8144D2719FB0A4A007D05A3 /* ViewController.m in Sources */ = {isa = PBXBuildFile; fileRef = D8144D2619FB0A4A007D05A3 /* ViewController.m */; };
		D8144D2A19FB0A4A007D05A3 /* Main.storyboard in Resources */ = {isa = PBXBuildFile; fileRef = D8144D2819FB0A4A007D05A3 /* Main.storyboard */; };
		D8144D2C19FB0A4A007D05A3 /* Images.xcassets in Resources */ = {isa = PBXBuildFile; fileRef = D8144D2B19FB0A4A007D05A3 /* Images.xcassets */; };
		D8144D2F19FB0A4A007D05A3 /* LaunchScreen.xib in Resources */ = {isa = PBXBuildFile; fileRef = D8144D2D19FB0A4A007D05A3 /* LaunchScreen.xib */; };
		D8144D3B19FB0A4A007D05A3 /* Git_ProjectTests.m in Sources */ = {isa = PBXBuildFile; fileRef = D8144D3A19FB0A4A007D05A3 /* Git_ProjectTests.m */; };
		D8144D4619FB0D77007D05A3 /* Test.m in Sources */ = {isa = PBXBuildFile; fileRef = D8144D4519FB0D77007D05A3 /* Test.m */; };
/* End PBXBuildFile section */

/* Begin PBXContainerItemProxy section */
		D8144D3519FB0A4A007D05A3 /* PBXContainerItemProxy */ = {
			isa = PBXContainerItemProxy;
			containerPortal = D8144D1319FB0A4A007D05A3 /* Project object */;
			proxyType = 1;
			remoteGlobalIDString = D8144D1A19FB0A4A007D05A3;
			remoteInfo = "Git Project";
		};
/* End PBXContainerItemProxy section */

/* Begin PBXFileReference section */
		D8144D1B19FB0A4A007D05A3 /* Git Project.app */ = {isa = PBXFileReference; explicitFileType = wrapper.application; includeInIndex = 0; path = "Git Project.app"; sourceTree = BUILT_PRODUCTS_DIR; };
		D8144D1F19FB0A4A007D05A3 /* Info.plist */ = {isa = PBXFileReference; lastKnownFileType = text.plist.xml; path = Info.plist; sourceTree = "<group>"; };
		D8144D2019FB0A4A007D05A3 /* main.m */ = {isa = PBXFileReference; lastKnownFileType = sourcecode.c.objc; path = main.m; sourceTree = "<group>"; };
		D8144D2219FB0A4A007D05A3 /* AppDelegate.h */ = {isa = PBXFileReference; lastKnownFileType = sourcecode.c.h; path = AppDelegate.h; sourceTree = "<group>"; };
		D8144D2319FB0A4A007D05A3 /* AppDelegate.m */ = {isa = PBXFileReference; lastKnownFileType = sourcecode.c.objc; path = AppDelegate.m; sourceTree = "<group>"; };
		D8144D2519FB0A4A007D05A3 /* ViewController.h */ = {isa = PBXFileReference; lastKnownFileType = sourcecode.c.h; path = ViewController.h; sourceTree = "<group>"; };
		D8144D2619FB0A4A007D05A3 /* ViewController.m */ = {isa = PBXFileReference; lastKnownFileType = sourcecode.c.objc; path = ViewController.m; sourceTree = "<group>"; };
		D8144D2919FB0A4A007D05A3 /* Base */ = {isa = PBXFileReference; lastKnownFileType = file.storyboard; name = Base; path = Base.lproj/Main.storyboard; sourceTree = "<group>"; };
		D8144D2B19FB0A4A007D05A3 /* Images.xcassets */ = {isa = PBXFileReference; lastKnownFileType = folder.assetcatalog; path = Images.xcassets; sourceTree = "<group>"; };
		D8144D2E19FB0A4A007D05A3 /* Base */ = {isa = PBXFileReference; lastKnownFileType = file.xib; name = Base; path = Base.lproj/LaunchScreen.xib; sourceTree = "<group>"; };
		D8144D3419FB0A4A007D05A3 /* Git ProjectTests.xctest */ = {isa = PBXFileReference; explicitFileType = wrapper.cfbundle; includeInIndex = 0; path = "Git ProjectTests.xctest"; sourceTree = BUILT_PRODUCTS_DIR; };
		D8144D3919FB0A4A007D05A3 /* Info.plist */ = {isa = PBXFileReference; lastKnownFileType = text.plist.xml; path = Info.plist; sourceTree = "<group>"; };
		D8144D3A19FB0A4A007D05A3 /* Git_ProjectTests.m */ = {isa = PBXFileReference; lastKnownFileType = sourcecode.c.objc; path = Git_ProjectTests.m; sourceTree = "<group>"; };
		D8144D4419FB0D77007D05A3 /* Test.h */ = {isa = PBXFileReference; fileEncoding = 4; lastKnownFileType = sourcecode.c.h; path = Test.h; sourceTree = "<group>"; };
		D8144D4519FB0D77007D05A3 /* Test.m */ = {isa = PBXFileReference; fileEncoding = 4; lastKnownFileType = sourcecode.c.objc; path = Test.m; sourceTree = "<group>"; };
/* End PBXFileReference section */

/* Begin PBXFrameworksBuildPhase section */
		D8144D1819FB0A4A007D05A3 /* Frameworks */ = {
			isa = PBXFrameworksBuildPhase;
			buildActionMask = 2147483647;
			files = (
			);
			runOnlyForDeploymentPostprocessing = 0;
		};
		D8144D3119FB0A4A007D05A3 /* Frameworks */ = {
			isa = PBXFrameworksBuildPhase;
			buildActionMask = 2147483647;
			files = (
			);
			runOnlyForDeploymentPostprocessing = 0;
		};
/* End PBXFrameworksBuildPhase section */

/* Begin PBXGroup section */
		D8144D1219FB0A4A007D05A3 = {
			isa = PBXGroup;
			children = (
				D8144D1D19FB0A4A007D05A3 /* Git Project */,
				D8144D3719FB0A4A007D05A3 /* Git ProjectTests */,
				D8144D1C19FB0A4A007D05A3 /* Products */,
			);
			sourceTree = "<group>";
		};
		D8144D1C19FB0A4A007D05A3 /* Products */ = {
			isa = PBXGroup;
			children = (
				D8144D1B19FB0A4A007D05A3 /* Git Project.app */,
				D8144D3419FB0A4A007D05A3 /* Git ProjectTests.xctest */,
			);
			name = Products;
			sourceTree = "<group>";
		};
		D8144D1D19FB0A4A007D05A3 /* Git Project */ = {
			isa = PBXGroup;
			children = (
				D8144D2219FB0A4A007D05A3 /* AppDelegate.h */,
				D8144D2319FB0A4A007D05A3 /* AppDelegate.m */,
				D8144D2519FB0A4A007D05A3 /* ViewController.h */,
				D8144D2619FB0A4A007D05A3 /* ViewController.m */,
				D8144D4419FB0D77007D05A3 /* Test.h */,
				D8144D4519FB0D77007D05A3 /* Test.m */,
				D8144D2819FB0A4A007D05A3 /* Main.storyboard */,
				D8144D2B19FB0A4A007D05A3 /* Images.xcassets */,
				D8144D2D19FB0A4A007D05A3 /* LaunchScreen.xib */,
				D8144D1E19FB0A4A007D05A3 /* Supporting Files */,
			);
			path = "Git Project";
			sourceTree = "<group>";
		};
		D8144D1E19FB0A4A007D05A3 /* Supporting Files */ = {
			isa = PBXGroup;
			children = (
				D8144D1F19FB0A4A007D05A3 /* Info.plist */,
				D8144D2019FB0A4A007D05A3 /* main.m */,
			);
			name = "Supporting Files";
			sourceTree = "<group>";
		};
		D8144D3719FB0A4A007D05A3 /* Git ProjectTests */ = {
			isa = PBXGroup;
			children = (
				D8144D3A19FB0A4A007D05A3 /* Git_ProjectTests.m */,
				D8144D3819FB0A4A007D05A3 /* Supporting Files */,
			);
			path = "Git ProjectTests";
			sourceTree = "<group>";
		};
		D8144D3819FB0A4A007D05A3 /* Supporting Files */ = {
			isa = PBXGroup;
			children = (
				D8144D3919FB0A4A007D05A3 /* Info.plist */,
			);
			name = "Supporting Files";
			sourceTree = "<group>";
		};
/* End PBXGroup section */

/* Begin PBXNativeTarget section */
		D8144D1A19FB0A4A007D05A3 /* Git Project */ = {
			isa = PBXNativeTarget;
			buildConfigurationList = D8144D3E19FB0A4A007D05A3 /* Build configuration list for PBXNativeTarget "Git Project" */;
			buildPhases = (
				D8144D1719FB0A4A007D05A3 /* Sources */,
				D8144D1819FB0A4A007D05A3 /* Frameworks */,
				D8144D1919FB0A4A007D05A3 /* Resources */,
			);
			buildRules = (
			);
			dependencies = (
			);
			name = "Git Project";
			productName = "Git Project";
			productReference = D8144D1B19FB0A4A007D05A3 /* Git Project.app */;
			productType = "com.apple.product-type.application";
		};
		D8144D3319FB0A4A007D05A3 /* Git ProjectTests */ = {
			isa = PBXNativeTarget;
			buildConfigurationList = D8144D4119FB0A4A007D05A3 /* Build configuration list for PBXNativeTarget "Git ProjectTests" */;
			buildPhases = (
				D8144D3019FB0A4A007D05A3 /* Sources */,
				D8144D3119FB0A4A007D05A3 /* Frameworks */,
				D8144D3219FB0A4A007D05A3 /* Resources */,
			);
			buildRules = (
			);
			dependencies = (
				D8144D3619FB0A4A007D05A3 /* PBXTargetDependency */,
			);
			name = "Git ProjectTests";
			productName = "Git ProjectTests";
			productReference = D8144D3419FB0A4A007D05A3 /* Git ProjectTests.xctest */;
			productType = "com.apple.product-type.bundle.unit-test";
		};
/* End PBXNativeTarget section */

/* Begin PBXProject section */
		D8144D1319FB0A4A007D05A3 /* Project object */ = {
			isa = PBXProject;
			attributes = {
				LastUpgradeCheck = 0610;
				ORGANIZATIONNAME = "Libi Studio";
				TargetAttributes = {
					D8144D1A19FB0A4A007D05A3 = {
						CreatedOnToolsVersion = 6.1;
					};
					D8144D3319FB0A4A007D05A3 = {
						CreatedOnToolsVersion = 6.1;
						TestTargetID = D8144D1A19FB0A4A007D05A3;
					};
				};
			};
			buildConfigurationList = D8144D1619FB0A4A007D05A3 /* Build configuration list for PBXProject "Git Project" */;
			compatibilityVersion = "Xcode 3.2";
			developmentRegion = English;
			hasScannedForEncodings = 0;
			knownRegions = (
				en,
				Base,
			);
			mainGroup = D8144D1219FB0A4A007D05A3;
			productRefGroup = D8144D1C19FB0A4A007D05A3 /* Products */;
			projectDirPath = "";
			projectRoot = "";
			targets = (
				D8144D1A19FB0A4A007D05A3 /* Git Project */,
				D8144D3319FB0A4A007D05A3 /* Git ProjectTests */,
			);
		};
/* End PBXProject section */

/* Begin PBXResourcesBuildPhase section */
		D8144D1919FB0A4A007D05A3 /* Resources */ = {
			isa = PBXResourcesBuildPhase;
			buildActionMask = 2147483647;
			files = (
				D8144D2A19FB0A4A007D05A3 /* Main.storyboard in Resources */,
				D8144D2F19FB0A4A007D05A3 /* LaunchScreen.xib in Resources */,
				D8144D2C19FB0A4A007D05A3 /* Images.xcassets in Resources */,
			);
			runOnlyForDeploymentPostprocessing = 0;
		};
		D8144D3219FB0A4A007D05A3 /* Resources */ = {
			isa = PBXResourcesBuildPhase;
			buildActionMask = 2147483647;
			files = (
			);
			runOnlyForDeploymentPostprocessing = 0;
		};
/* End PBXResourcesBuildPhase section */

/* Begin PBXSourcesBuildPhase section */
		D8144D1719FB0A4A007D05A3 /* Sources */ = {
			isa = PBXSourcesBuildPhase;
			buildActionMask = 2147483647;
			files = (
				D8144D2719FB0A4A007D05A3 /* ViewController.m in Sources */,
				D8144D4619FB0D77007D05A3 /* Test.m in Sources */,
				D8144D2419FB0A4A007D05A3 /* AppDelegate.m in Sources */,
				D8144D2119FB0A4A007D05A3 /* main.m in Sources */,
			);
			runOnlyForDeploymentPostprocessing = 0;
		};
		D8144D3019FB0A4A007D05A3 /* Sources */ = {
			isa = PBXSourcesBuildPhase;
			buildActionMask = 2147483647;
			files = (
				D8144D3B19FB0A4A007D05A3 /* Git_ProjectTests.m in Sources */,
			);
			runOnlyForDeploymentPostprocessing = 0;
		};
/* End PBXSourcesBuildPhase section */

/* Begin PBXTargetDependency section */
		D8144D3619FB0A4A007D05A3 /* PBXTargetDependency */ = {
			isa = PBXTargetDependency;
			target = D8144D1A19FB0A4A007D05A3 /* Git Project */;
			targetProxy = D8144D3519FB0A4A007D05A3 /* PBXContainerItemProxy */;
		};
/* End PBXTargetDependency section */

/* Begin PBXVariantGroup section */
		D8144D2819FB0A4A007D05A3 /* Main.storyboard */ = {
			isa = PBXVariantGroup;
			children = (
				D8144D2919FB0A4A007D05A3 /* Base */,
			);
			name = Main.storyboard;
			sourceTree = "<group>";
		};
		D8144D2D19FB0A4A007D05A3 /* LaunchScreen.xib */ = {
			isa = PBXVariantGroup;
			children = (
				D8144D2E19FB0A4A007D05A3 /* Base */,
			);
			name = LaunchScreen.xib;
			sourceTree = "<group>";
		};
/* End PBXVariantGroup section */

/* Begin XCBuildConfiguration section */
		D8144D3C19FB0A4A007D05A3 /* Debug */ = {
			isa = XCBuildConfiguration;
			buildSettings = {
				ALWAYS_SEARCH_USER_PATHS = NO;
				CLANG_CXX_LANGUAGE_STANDARD = "gnu++0x";
				CLANG_CXX_LIBRARY = "libc++";
				CLANG_ENABLE_MODULES = YES;
				CLANG_ENABLE_OBJC_ARC = YES;
				CLANG_WARN_BOOL_CONVERSION = YES;
				CLANG_WARN_CONSTANT_CONVERSION = YES;
				CLANG_WARN_DIRECT_OBJC_ISA_USAGE = YES_ERROR;
				CLANG_WARN_EMPTY_BODY = YES;
				CLANG_WARN_ENUM_CONVERSION = YES;
				CLANG_WARN_INT_CONVERSION = YES;
				CLANG_WARN_OBJC_ROOT_CLASS = YES_ERROR;
				CLANG_WARN_UNREACHABLE_CODE = YES;
				CLANG_WARN__DUPLICATE_METHOD_MATCH = YES;
				"CODE_SIGN_IDENTITY[sdk=iphoneos*]" = "iPhone Developer";
				COPY_PHASE_STRIP = NO;
				ENABLE_STRICT_OBJC_MSGSEND = YES;
				GCC_C_LANGUAGE_STANDARD = gnu99;
				GCC_DYNAMIC_NO_PIC = NO;
				GCC_OPTIMIZATION_LEVEL = 0;
				GCC_PREPROCESSOR_DEFINITIONS = (
					"DEBUG=1",
					"$(inherited)",
				);
				GCC_SYMBOLS_PRIVATE_EXTERN = NO;
				GCC_WARN_64_TO_32_BIT_CONVERSION = YES;
				GCC_WARN_ABOUT_RETURN_TYPE = YES_ERROR;
				GCC_WARN_UNDECLARED_SELECTOR = YES;
				GCC_WARN_UNINITIALIZED_AUTOS = YES_AGGRESSIVE;
				GCC_WARN_UNUSED_FUNCTION = YES;
				GCC_WARN_UNUSED_VARIABLE = YES;
				IPHONEOS_DEPLOYMENT_TARGET = 8.1;
				MTL_ENABLE_DEBUG_INFO = YES;
				ONLY_ACTIVE_ARCH = YES;
				SDKROOT = iphoneos;
			};
			name = Debug;
		};
		D8144D3D19FB0A4A007D05A3 /* Release */ = {
			isa = XCBuildConfiguration;
			buildSettings = {
				ALWAYS_SEARCH_USER_PATHS = NO;
				CLANG_CXX_LANGUAGE_STANDARD = "gnu++0x";
				CLANG_CXX_LIBRARY = "libc++";
				CLANG_ENABLE_MODULES = YES;
				CLANG_ENABLE_OBJC_ARC = YES;
				CLANG_WARN_BOOL_CONVERSION = YES;
				CLANG_WARN_CONSTANT_CONVERSION = YES;
				CLANG_WARN_DIRECT_OBJC_ISA_USAGE = YES_ERROR;
				CLANG_WARN_EMPTY_BODY = YES;
				CLANG_WARN_ENUM_CONVERSION = YES;
				CLANG_WARN_INT_CONVERSION = YES;
				CLANG_WARN_OBJC_ROOT_CLASS = YES_ERROR;
				CLANG_WARN_UNREACHABLE_CODE = YES;
				CLANG_WARN__DUPLICATE_METHOD_MATCH = YES;
				"CODE_SIGN_IDENTITY[sdk=iphoneos*]" = "iPhone Developer";
				COPY_PHASE_STRIP = YES;
				ENABLE_NS_ASSERTIONS = NO;
				ENABLE_STRICT_OBJC_MSGSEND = YES;
				GCC_C_LANGUAGE_STANDARD = gnu99;
				GCC_WARN_64_TO_32_BIT_CONVERSION = YES;
				GCC_WARN_ABOUT_RETURN_TYPE = YES_ERROR;
				GCC_WARN_UNDECLARED_SELECTOR = YES;
				GCC_WARN_UNINITIALIZED_AUTOS = YES_AGGRESSIVE;
				GCC_WARN_UNUSED_FUNCTION = YES;
				GCC_WARN_UNUSED_VARIABLE = YES;
				IPHONEOS_DEPLOYMENT_TARGET = 8.1;
				MTL_ENABLE_DEBUG_INFO = NO;
				SDKROOT = iphoneos;
				VALIDATE_PRODUCT = YES;
			};
			name = Release;
		};
		D8144D3F19FB0A4A007D05A3 /* Debug */ = {
			isa = XCBuildConfiguration;
			buildSettings = {
				ASSETCATALOG_COMPILER_APPICON_NAME = AppIcon;
				INFOPLIST_FILE = "Git Project/Info.plist";
				LD_RUNPATH_SEARCH_PATHS = "$(inherited) @executable_path/Frameworks";
				PRODUCT_NAME = "$(TARGET_NAME)";
			};
			name = Debug;
		};
		D8144D4019FB0A4A007D05A3 /* Release */ = {
			isa = XCBuildConfiguration;
			buildSettings = {
				ASSETCATALOG_COMPILER_APPICON_NAME = AppIcon;
				INFOPLIST_FILE = "Git Project/Info.plist";
				LD_RUNPATH_SEARCH_PATHS = "$(inherited) @executable_path/Frameworks";
				PRODUCT_NAME = "$(TARGET_NAME)";
			};
			name = Release;
		};
		D8144D4219FB0A4A007D05A3 /* Debug */ = {
			isa = XCBuildConfiguration;
			buildSettings = {
				BUNDLE_LOADER = "$(TEST_HOST)";
				FRAMEWORK_SEARCH_PATHS = (
					"$(SDKROOT)/Developer/Library/Frameworks",
					"$(inherited)",
				);
				GCC_PREPROCESSOR_DEFINITIONS = (
					"DEBUG=1",
					"$(inherited)",
				);
				INFOPLIST_FILE = "Git ProjectTests/Info.plist";
				LD_RUNPATH_SEARCH_PATHS = "$(inherited) @executable_path/Frameworks @loader_path/Frameworks";
				PRODUCT_NAME = "$(TARGET_NAME)";
				TEST_HOST = "$(BUILT_PRODUCTS_DIR)/Git Project.app/Git Project";
			};
			name = Debug;
		};
		D8144D4319FB0A4A007D05A3 /* Release */ = {
			isa = XCBuildConfiguration;
			buildSettings = {
				BUNDLE_LOADER = "$(TEST_HOST)";
				FRAMEWORK_SEARCH_PATHS = (
					"$(SDKROOT)/Developer/Library/Frameworks",
					"$(inherited)",
				);
				INFOPLIST_FILE = "Git ProjectTests/Info.plist";
				LD_RUNPATH_SEARCH_PATHS = "$(inherited) @executable_path/Frameworks @loader_path/Frameworks";
				PRODUCT_NAME = "$(TARGET_NAME)";
				TEST_HOST = "$(BUILT_PRODUCTS_DIR)/Git Project.app/Git Project";
			};
			name = Release;
		};
/* End XCBuildConfiguration section */

/* Begin XCConfigurationList section */
		D8144D1619FB0A4A007D05A3 /* Build configuration list for PBXProject "Git Project" */ = {
			isa = XCConfigurationList;
			buildConfigurations = (
				D8144D3C19FB0A4A007D05A3 /* Debug */,
				D8144D3D19FB0A4A007D05A3 /* Release */,
			);
			defaultConfigurationIsVisible = 0;
			defaultConfigurationName = Release;
		};
		D8144D3E19FB0A4A007D05A3 /* Build configuration list for PBXNativeTarget "Git Project" */ = {
			isa = XCConfigurationList;
			buildConfigurations = (
				D8144D3F19FB0A4A007D05A3 /* Debug */,
				D8144D4019FB0A4A007D05A3 /* Release */,
			);
			defaultConfigurationIsVisible = 0;
		};
		D8144D4119FB0A4A007D05A3 /* Build configuration list for PBXNativeTarget "Git ProjectTests" */ = {
			isa = XCConfigurationList;
			buildConfigurations = (
				D8144D4219FB0A4A007D05A3 /* Debug */,
				D8144D4319FB0A4A007D05A3 /* Release */,
			);
			defaultConfigurationIsVisible = 0;
		};
/* End XCConfigurationList section */
	};
	rootObject = D8144D1319FB0A4A007D05A3 /* Project object */;
}
